Microsoft Visual Studio Solution File, Format Version 8.00
Project("{8BC9CEB8-8B4A-11D0-8D11-00A0C91BC942}") = "PCSpim", "pcspim.vcproj", "{56488352-0EC0-4FA0-B5CE-FD6746615E15}"
	ProjectSection(ProjectDependencies) = postProject
	EndProjectSection
EndProject
Project("{54435603-DBB4-11D2-8724-00A0C9A8B90C}") = "Setup", "..\Setup\Setup.vdproj", "{43FD43C4-0035-4EB4-AA58-FE8DBB1D91A4}"
	ProjectSection(ProjectDependencies) = postProject
	EndProjectSection
EndProject
Global
	GlobalSection(SourceCodeControl) = preSolution
		SccNumberOfProjects = 1
		SccProjectUniqueName0 = pcspim.vcproj
		SccProjectName0 = \u0022$/Software/SPIM/PCSpim\u0022,\u0020GAAAAAAA
		SccLocalPath0 = ..
		SccProvider0 = MSSCCI:Microsoft\u0020Visual\u0020SourceSafe
		CanCheckoutShared = false
		SccProjectFilePathRelativizedFromConnection0 = PCSpim\\
	EndGlobalSection
	GlobalSection(SolutionConfiguration) = preSolution
		Debug = Debug
		Release = Release
	EndGlobalSection
	GlobalSection(ProjectConfiguration) = postSolution
		{56488352-0EC0-4FA0-B5CE-FD6746615E15}.Debug.ActiveCfg = Debug|Win32
		{56488352-0EC0-4FA0-B5CE-FD6746615E15}.Debug.Build.0 = Debug|Win32
		{56488352-0EC0-4FA0-B5CE-FD6746615E15}.Release.ActiveCfg = Release|Win32
		{56488352-0EC0-4FA0-B5CE-FD6746615E15}.Release.Build.0 = Release|Win32
		{43FD43C4-0035-4EB4-AA58-FE8DBB1D91A4}.Debug.ActiveCfg = Debug
		{43FD43C4-0035-4EB4-AA58-FE8DBB1D91A4}.Release.ActiveCfg = Release
	EndGlobalSection
	GlobalSection(ExtensibilityGlobals) = postSolution
	EndGlobalSection
	GlobalSection(ExtensibilityAddIns) = postSolution
	EndGlobalSection
EndGlobal
