
Microsoft Visual Studio Solution File, Format Version 11.00
# Visual Studio 2010
Project("{54435603-DBB4-11D2-8724-00A0C9A8B90C}") = "Setup", "Setup.vdproj", "{514019DA-77F7-4EE7-8735-931AAF8C045B}"
EndProject
Global
	GlobalSection(SolutionConfigurationPlatforms) = preSolution
		Debug|Default = Debug|Default
		Release|Default = Release|Default
	EndGlobalSection
	GlobalSection(ProjectConfigurationPlatforms) = postSolution
		{514019DA-77F7-4EE7-8735-931AAF8C045B}.Debug|Default.ActiveCfg = Debug
		{514019DA-77F7-4EE7-8735-931AAF8C045B}.Debug|Default.Build.0 = Debug
		{514019DA-77F7-4EE7-8735-931AAF8C045B}.Release|Default.ActiveCfg = Release
		{514019DA-77F7-4EE7-8735-931AAF8C045B}.Release|Default.Build.0 = Release
	EndGlobalSection
	GlobalSection(SolutionProperties) = preSolution
		HideSolutionNode = FALSE
	EndGlobalSection
EndGlobal
